// !$*UTF8*$!
{
	archiveVersion = 1;
	classes = {
	};
	objectVersion = 46;
	objects = {

/* Begin PBXBuildFile section */
		28A2DD2E1B85B38A00230D7A /* AppDelegate.swift in Sources */ = {isa = PBXBuildFile; fileRef = 28A2DD2D1B85B38A00230D7A /* AppDelegate.swift */; };
		28A2DD301B85B38A00230D7A /* ViewController.swift in Sources */ = {isa = PBXBuildFile; fileRef = 28A2DD2F1B85B38A00230D7A /* ViewController.swift */; };
		28A2DD331B85B38A00230D7A /* Main.storyboard in Resources */ = {isa = PBXBuildFile; fileRef = 28A2DD311B85B38A00230D7A /* Main.storyboard */; };
		28A2DD351B85B38A00230D7A /* Images.xcassets in Resources */ = {isa = PBXBuildFile; fileRef = 28A2DD341B85B38A00230D7A /* Images.xcassets */; };
		28A2DD381B85B38A00230D7A /* LaunchScreen.xib in Resources */ = {isa = PBXBuildFile; fileRef = 28A2DD361B85B38A00230D7A /* LaunchScreen.xib */; };
		28A2DD441B85B38A00230D7A /* etpushtestTests.swift in Sources */ = {isa = PBXBuildFile; fileRef = 28A2DD431B85B38A00230D7A /* etpushtestTests.swift */; };
		28A2DD4E1B85B3A400230D7A /* JB4A-SDK in Resources */ = {isa = PBXBuildFile; fileRef = 28A2DD4D1B85B3A400230D7A /* JB4A-SDK */; };
		28A2DD501B85B3C300230D7A /* libJB4ASDK-4.0.1.a in Frameworks */ = {isa = PBXBuildFile; fileRef = 28A2DD4F1B85B3C300230D7A /* libJB4ASDK-4.0.1.a */; };
		28A2DD531B85BF9A00230D7A /* CoreLocation.framework in Frameworks */ = {isa = PBXBuildFile; fileRef = 28A2DD521B85BF9A00230D7A /* CoreLocation.framework */; };
		3819CC2E1B8625DA0057575C /* ETLocationManagerProxy.m in Sources */ = {isa = PBXBuildFile; fileRef = 3819CC2D1B8625DA0057575C /* ETLocationManagerProxy.m */; };
/* End PBXBuildFile section */

/* Begin PBXContainerItemProxy section */
		28A2DD3E1B85B38A00230D7A /* PBXContainerItemProxy */ = {
			isa = PBXContainerItemProxy;
			containerPortal = 28A2DD201B85B38900230D7A /* Project object */;
			proxyType = 1;
			remoteGlobalIDString = 28A2DD271B85B38A00230D7A;
			remoteInfo = etpushtest;
		};
/* End PBXContainerItemProxy section */

/* Begin PBXFileReference section */
		28A2DD281B85B38A00230D7A /* etpushtest.app */ = {isa = PBXFileReference; explicitFileType = wrapper.application; includeInIndex = 0; path = etpushtest.app; sourceTree = BUILT_PRODUCTS_DIR; };
		28A2DD2C1B85B38A00230D7A /* Info.plist */ = {isa = PBXFileReference; lastKnownFileType = text.plist.xml; path = Info.plist; sourceTree = "<group>"; };
		28A2DD2D1B85B38A00230D7A /* AppDelegate.swift */ = {isa = PBXFileReference; lastKnownFileType = sourcecode.swift; path = AppDelegate.swift; sourceTree = "<group>"; };
		28A2DD2F1B85B38A00230D7A /* ViewController.swift */ = {isa = PBXFileReference; lastKnownFileType = sourcecode.swift; path = ViewController.swift; sourceTree = "<group>"; };
		28A2DD321B85B38A00230D7A /* Base */ = {isa = PBXFileReference; lastKnownFileType = file.storyboard; name = Base; path = Base.lproj/Main.storyboard; sourceTree = "<group>"; };
		28A2DD341B85B38A00230D7A /* Images.xcassets */ = {isa = PBXFileReference; lastKnownFileType = folder.assetcatalog; path = Images.xcassets; sourceTree = "<group>"; };
		28A2DD371B85B38A00230D7A /* Base */ = {isa = PBXFileReference; lastKnownFileType = file.xib; name = Base; path = Base.lproj/LaunchScreen.xib; sourceTree = "<group>"; };
		28A2DD3D1B85B38A00230D7A /* etpushtestTests.xctest */ = {isa = PBXFileReference; explicitFileType = wrapper.cfbundle; includeInIndex = 0; path = etpushtestTests.xctest; sourceTree = BUILT_PRODUCTS_DIR; };
		28A2DD421B85B38A00230D7A /* Info.plist */ = {isa = PBXFileReference; lastKnownFileType = text.plist.xml; path = Info.plist; sourceTree = "<group>"; };
		28A2DD431B85B38A00230D7A /* etpushtestTests.swift */ = {isa = PBXFileReference; lastKnownFileType = sourcecode.swift; path = etpushtestTests.swift; sourceTree = "<group>"; };
		28A2DD4D1B85B3A400230D7A /* JB4A-SDK */ = {isa = PBXFileReference; lastKnownFileType = folder; path = "JB4A-SDK"; sourceTree = "<group>"; };
		28A2DD4F1B85B3C300230D7A /* libJB4ASDK-4.0.1.a */ = {isa = PBXFileReference; lastKnownFileType = archive.ar; name = "libJB4ASDK-4.0.1.a"; path = "etpushtest/JB4A-SDK/libJB4ASDK-4.0.1.a"; sourceTree = "<group>"; };
		28A2DD511B85B40100230D7A /* ETPushTest-Bridging-Header.h */ = {isa = PBXFileReference; lastKnownFileType = sourcecode.c.h; path = "ETPushTest-Bridging-Header.h"; sourceTree = "<group>"; };
		28A2DD521B85BF9A00230D7A /* CoreLocation.framework */ = {isa = PBXFileReference; lastKnownFileType = wrapper.framework; name = CoreLocation.framework; path = System/Library/Frameworks/CoreLocation.framework; sourceTree = SDKROOT; };
		3819CC2C1B8625DA0057575C /* ETLocationManagerProxy.h */ = {isa = PBXFileReference; fileEncoding = 4; lastKnownFileType = sourcecode.c.h; path = ETLocationManagerProxy.h; sourceTree = "<group>"; };
		3819CC2D1B8625DA0057575C /* ETLocationManagerProxy.m */ = {isa = PBXFileReference; fileEncoding = 4; lastKnownFileType = sourcecode.c.objc; path = ETLocationManagerProxy.m; sourceTree = "<group>"; };
/* End PBXFileReference section */

/* Begin PBXFrameworksBuildPhase section */
		28A2DD251B85B38A00230D7A /* Frameworks */ = {
			isa = PBXFrameworksBuildPhase;
			buildActionMask = 2147483647;
			files = (
				28A2DD531B85BF9A00230D7A /* CoreLocation.framework in Frameworks */,
				28A2DD501B85B3C300230D7A /* libJB4ASDK-4.0.1.a in Frameworks */,
			);
			runOnlyForDeploymentPostprocessing = 0;
		};
		28A2DD3A1B85B38A00230D7A /* Frameworks */ = {
			isa = PBXFrameworksBuildPhase;
			buildActionMask = 2147483647;
			files = (
			);
			runOnlyForDeploymentPostprocessing = 0;
		};
/* End PBXFrameworksBuildPhase section */

/* Begin PBXGroup section */
		28A2DD1F1B85B38900230D7A = {
			isa = PBXGroup;
			children = (
				28A2DD521B85BF9A00230D7A /* CoreLocation.framework */,
				28A2DD4F1B85B3C300230D7A /* libJB4ASDK-4.0.1.a */,
				28A2DD2A1B85B38A00230D7A /* etpushtest */,
				28A2DD401B85B38A00230D7A /* etpushtestTests */,
				28A2DD291B85B38A00230D7A /* Products */,
			);
			sourceTree = "<group>";
		};
		28A2DD291B85B38A00230D7A /* Products */ = {
			isa = PBXGroup;
			children = (
				28A2DD281B85B38A00230D7A /* etpushtest.app */,
				28A2DD3D1B85B38A00230D7A /* etpushtestTests.xctest */,
			);
			name = Products;
			sourceTree = "<group>";
		};
		28A2DD2A1B85B38A00230D7A /* etpushtest */ = {
			isa = PBXGroup;
			children = (
				28A2DD4D1B85B3A400230D7A /* JB4A-SDK */,
				28A2DD2D1B85B38A00230D7A /* AppDelegate.swift */,
				28A2DD2F1B85B38A00230D7A /* ViewController.swift */,
				28A2DD311B85B38A00230D7A /* Main.storyboard */,
				28A2DD341B85B38A00230D7A /* Images.xcassets */,
				28A2DD361B85B38A00230D7A /* LaunchScreen.xib */,
				28A2DD2B1B85B38A00230D7A /* Supporting Files */,
				28A2DD511B85B40100230D7A /* ETPushTest-Bridging-Header.h */,
				3819CC2C1B8625DA0057575C /* ETLocationManagerProxy.h */,
				3819CC2D1B8625DA0057575C /* ETLocationManagerProxy.m */,
			);
			path = etpushtest;
			sourceTree = "<group>";
		};
		28A2DD2B1B85B38A00230D7A /* Supporting Files */ = {
			isa = PBXGroup;
			children = (
				28A2DD2C1B85B38A00230D7A /* Info.plist */,
			);
			name = "Supporting Files";
			sourceTree = "<group>";
		};
		28A2DD401B85B38A00230D7A /* etpushtestTests */ = {
			isa = PBXGroup;
			children = (
				28A2DD431B85B38A00230D7A /* etpushtestTests.swift */,
				28A2DD411B85B38A00230D7A /* Supporting Files */,
			);
			path = etpushtestTests;
			sourceTree = "<group>";
		};
		28A2DD411B85B38A00230D7A /* Supporting Files */ = {
			isa = PBXGroup;
			children = (
				28A2DD421B85B38A00230D7A /* Info.plist */,
			);
			name = "Supporting Files";
			sourceTree = "<group>";
		};
/* End PBXGroup section */

/* Begin PBXNativeTarget section */
		28A2DD271B85B38A00230D7A /* etpushtest */ = {
			isa = PBXNativeTarget;
			buildConfigurationList = 28A2DD471B85B38A00230D7A /* Build configuration list for PBXNativeTarget "etpushtest" */;
			buildPhases = (
				28A2DD241B85B38A00230D7A /* Sources */,
				28A2DD251B85B38A00230D7A /* Frameworks */,
				28A2DD261B85B38A00230D7A /* Resources */,
			);
			buildRules = (
			);
			dependencies = (
			);
			name = etpushtest;
			productName = etpushtest;
			productReference = 28A2DD281B85B38A00230D7A /* etpushtest.app */;
			productType = "com.apple.product-type.application";
		};
		28A2DD3C1B85B38A00230D7A /* etpushtestTests */ = {
			isa = PBXNativeTarget;
			buildConfigurationList = 28A2DD4A1B85B38A00230D7A /* Build configuration list for PBXNativeTarget "etpushtestTests" */;
			buildPhases = (
				28A2DD391B85B38A00230D7A /* Sources */,
				28A2DD3A1B85B38A00230D7A /* Frameworks */,
				28A2DD3B1B85B38A00230D7A /* Resources */,
			);
			buildRules = (
			);
			dependencies = (
				28A2DD3F1B85B38A00230D7A /* PBXTargetDependency */,
			);
			name = etpushtestTests;
			productName = etpushtestTests;
			productReference = 28A2DD3D1B85B38A00230D7A /* etpushtestTests.xctest */;
			productType = "com.apple.product-type.bundle.unit-test";
		};
/* End PBXNativeTarget section */

/* Begin PBXProject section */
		28A2DD201B85B38900230D7A /* Project object */ = {
			isa = PBXProject;
			attributes = {
				LastUpgradeCheck = 0640;
				ORGANIZATIONNAME = salesforce.com;
				TargetAttributes = {
					28A2DD271B85B38A00230D7A = {
						CreatedOnToolsVersion = 6.4;
					};
					28A2DD3C1B85B38A00230D7A = {
						CreatedOnToolsVersion = 6.4;
						TestTargetID = 28A2DD271B85B38A00230D7A;
					};
				};
			};
			buildConfigurationList = 28A2DD231B85B38A00230D7A /* Build configuration list for PBXProject "etpushtest" */;
			compatibilityVersion = "Xcode 3.2";
			developmentRegion = English;
			hasScannedForEncodings = 0;
			knownRegions = (
				en,
				Base,
			);
			mainGroup = 28A2DD1F1B85B38900230D7A;
			productRefGroup = 28A2DD291B85B38A00230D7A /* Products */;
			projectDirPath = "";
			projectRoot = "";
			targets = (
				28A2DD271B85B38A00230D7A /* etpushtest */,
				28A2DD3C1B85B38A00230D7A /* etpushtestTests */,
			);
		};
/* End PBXProject section */

/* Begin PBXResourcesBuildPhase section */
		28A2DD261B85B38A00230D7A /* Resources */ = {
			isa = PBXResourcesBuildPhase;
			buildActionMask = 2147483647;
			files = (
				28A2DD4E1B85B3A400230D7A /* JB4A-SDK in Resources */,
				28A2DD331B85B38A00230D7A /* Main.storyboard in Resources */,
				28A2DD381B85B38A00230D7A /* LaunchScreen.xib in Resources */,
				28A2DD351B85B38A00230D7A /* Images.xcassets in Resources */,
			);
			runOnlyForDeploymentPostprocessing = 0;
		};
		28A2DD3B1B85B38A00230D7A /* Resources */ = {
			isa = PBXResourcesBuildPhase;
			buildActionMask = 2147483647;
			files = (
			);
			runOnlyForDeploymentPostprocessing = 0;
		};
/* End PBXResourcesBuildPhase section */

/* Begin PBXSourcesBuildPhase section */
		28A2DD241B85B38A00230D7A /* Sources */ = {
			isa = PBXSourcesBuildPhase;
			buildActionMask = 2147483647;
			files = (
				28A2DD301B85B38A00230D7A /* ViewController.swift in Sources */,
				3819CC2E1B8625DA0057575C /* ETLocationManagerProxy.m in Sources */,
				28A2DD2E1B85B38A00230D7A /* AppDelegate.swift in Sources */,
			);
			runOnlyForDeploymentPostprocessing = 0;
		};
		28A2DD391B85B38A00230D7A /* Sources */ = {
			isa = PBXSourcesBuildPhase;
			buildActionMask = 2147483647;
			files = (
				28A2DD441B85B38A00230D7A /* etpushtestTests.swift in Sources */,
			);
			runOnlyForDeploymentPostprocessing = 0;
		};
/* End PBXSourcesBuildPhase section */

/* Begin PBXTargetDependency section */
		28A2DD3F1B85B38A00230D7A /* PBXTargetDependency */ = {
			isa = PBXTargetDependency;
			target = 28A2DD271B85B38A00230D7A /* etpushtest */;
			targetProxy = 28A2DD3E1B85B38A00230D7A /* PBXContainerItemProxy */;
		};
/* End PBXTargetDependency section */

/* Begin PBXVariantGroup section */
		28A2DD311B85B38A00230D7A /* Main.storyboard */ = {
			isa = PBXVariantGroup;
			children = (
				28A2DD321B85B38A00230D7A /* Base */,
			);
			name = Main.storyboard;
			sourceTree = "<group>";
		};
		28A2DD361B85B38A00230D7A /* LaunchScreen.xib */ = {
			isa = PBXVariantGroup;
			children = (
				28A2DD371B85B38A00230D7A /* Base */,
			);
			name = LaunchScreen.xib;
			sourceTree = "<group>";
		};
/* End PBXVariantGroup section */

/* Begin XCBuildConfiguration section */
		28A2DD451B85B38A00230D7A /* Debug */ = {
			isa = XCBuildConfiguration;
			buildSettings = {
				ALWAYS_SEARCH_USER_PATHS = NO;
				CLANG_CXX_LANGUAGE_STANDARD = "gnu++0x";
				CLANG_CXX_LIBRARY = "libc++";
				CLANG_ENABLE_MODULES = YES;
				CLANG_ENABLE_OBJC_ARC = YES;
				CLANG_WARN_BOOL_CONVERSION = YES;
				CLANG_WARN_CONSTANT_CONVERSION = YES;
				CLANG_WARN_DIRECT_OBJC_ISA_USAGE = YES_ERROR;
				CLANG_WARN_EMPTY_BODY = YES;
				CLANG_WARN_ENUM_CONVERSION = YES;
				CLANG_WARN_INT_CONVERSION = YES;
				CLANG_WARN_OBJC_ROOT_CLASS = YES_ERROR;
				CLANG_WARN_UNREACHABLE_CODE = YES;
				CLANG_WARN__DUPLICATE_METHOD_MATCH = YES;
				"CODE_SIGN_IDENTITY[sdk=iphoneos*]" = "iPhone Developer";
				COPY_PHASE_STRIP = NO;
				DEBUG_INFORMATION_FORMAT = "dwarf-with-dsym";
				ENABLE_STRICT_OBJC_MSGSEND = YES;
				GCC_C_LANGUAGE_STANDARD = gnu99;
				GCC_DYNAMIC_NO_PIC = NO;
				GCC_NO_COMMON_BLOCKS = YES;
				GCC_OPTIMIZATION_LEVEL = 0;
				GCC_PREPROCESSOR_DEFINITIONS = (
					"DEBUG=1",
					"$(inherited)",
				);
				GCC_SYMBOLS_PRIVATE_EXTERN = NO;
				GCC_WARN_64_TO_32_BIT_CONVERSION = YES;
				GCC_WARN_ABOUT_RETURN_TYPE = YES_ERROR;
				GCC_WARN_UNDECLARED_SELECTOR = YES;
				GCC_WARN_UNINITIALIZED_AUTOS = YES_AGGRESSIVE;
				GCC_WARN_UNUSED_FUNCTION = YES;
				GCC_WARN_UNUSED_VARIABLE = YES;
				IPHONEOS_DEPLOYMENT_TARGET = 8.4;
				MTL_ENABLE_DEBUG_INFO = YES;
				ONLY_ACTIVE_ARCH = YES;
				SDKROOT = iphoneos;
				SWIFT_OPTIMIZATION_LEVEL = "-Onone";
			};
			name = Debug;
		};
		28A2DD461B85B38A00230D7A /* Release */ = {
			isa = XCBuildConfiguration;
			buildSettings = {
				ALWAYS_SEARCH_USER_PATHS = NO;
				CLANG_CXX_LANGUAGE_STANDARD = "gnu++0x";
				CLANG_CXX_LIBRARY = "libc++";
				CLANG_ENABLE_MODULES = YES;
				CLANG_ENABLE_OBJC_ARC = YES;
				CLANG_WARN_BOOL_CONVERSION = YES;
				CLANG_WARN_CONSTANT_CONVERSION = YES;
				CLANG_WARN_DIRECT_OBJC_ISA_USAGE = YES_ERROR;
				CLANG_WARN_EMPTY_BODY = YES;
				CLANG_WARN_ENUM_CONVERSION = YES;
				CLANG_WARN_INT_CONVERSION = YES;
				CLANG_WARN_OBJC_ROOT_CLASS = YES_ERROR;
				CLANG_WARN_UNREACHABLE_CODE = YES;
				CLANG_WARN__DUPLICATE_METHOD_MATCH = YES;
				"CODE_SIGN_IDENTITY[sdk=iphoneos*]" = "iPhone Developer";
				COPY_PHASE_STRIP = NO;
				DEBUG_INFORMATION_FORMAT = "dwarf-with-dsym";
				ENABLE_NS_ASSERTIONS = NO;
				ENABLE_STRICT_OBJC_MSGSEND = YES;
				GCC_C_LANGUAGE_STANDARD = gnu99;
				GCC_NO_COMMON_BLOCKS = YES;
				GCC_WARN_64_TO_32_BIT_CONVERSION = YES;
				GCC_WARN_ABOUT_RETURN_TYPE = YES_ERROR;
				GCC_WARN_UNDECLARED_SELECTOR = YES;
				GCC_WARN_UNINITIALIZED_AUTOS = YES_AGGRESSIVE;
				GCC_WARN_UNUSED_FUNCTION = YES;
				GCC_WARN_UNUSED_VARIABLE = YES;
				IPHONEOS_DEPLOYMENT_TARGET = 8.4;
				MTL_ENABLE_DEBUG_INFO = NO;
				SDKROOT = iphoneos;
				VALIDATE_PRODUCT = YES;
			};
			name = Release;
		};
		28A2DD481B85B38A00230D7A /* Debug */ = {
			isa = XCBuildConfiguration;
			buildSettings = {
				ASSETCATALOG_COMPILER_APPICON_NAME = AppIcon;
				INFOPLIST_FILE = etpushtest/Info.plist;
				LD_RUNPATH_SEARCH_PATHS = "$(inherited) @executable_path/Frameworks";
				LIBRARY_SEARCH_PATHS = (
					"$(inherited)",
					"$(PROJECT_DIR)/etpushtest/JB4A-SDK",
				);
				OTHER_SWIFT_FLAGS = "-D DEBUG";
				PRODUCT_NAME = "$(TARGET_NAME)";
				PROVISIONING_PROFILE = "f13f1234-5599-48a6-b459-46b0c3f4cc47";
				SWIFT_OBJC_BRIDGING_HEADER = "$(SRCROOT)/$(PRODUCT_NAME)/ETPushTest-Bridging-Header.h";
			};
			name = Debug;
		};
		28A2DD491B85B38A00230D7A /* Release */ = {
			isa = XCBuildConfiguration;
			buildSettings = {
				ASSETCATALOG_COMPILER_APPICON_NAME = AppIcon;
				"CODE_SIGN_IDENTITY[sdk=iphoneos*]" = "iPhone Distribution";
				INFOPLIST_FILE = etpushtest/Info.plist;
				LD_RUNPATH_SEARCH_PATHS = "$(inherited) @executable_path/Frameworks";
				LIBRARY_SEARCH_PATHS = (
					"$(inherited)",
					"$(PROJECT_DIR)/etpushtest/JB4A-SDK",
				);
				OTHER_SWIFT_FLAGS = "";
				PRODUCT_NAME = "$(TARGET_NAME)";
				PROVISIONING_PROFILE = "bf3e4564-d90e-437a-9742-e7eca747667c";
				SWIFT_OBJC_BRIDGING_HEADER = "$(SRCROOT)/$(PRODUCT_NAME)/ETPushTest-Bridging-Header.h";
			};
			name = Release;
		};
		28A2DD4B1B85B38A00230D7A /* Debug */ = {
			isa = XCBuildConfiguration;
			buildSettings = {
				BUNDLE_LOADER = "$(TEST_HOST)";
				FRAMEWORK_SEARCH_PATHS = (
					"$(SDKROOT)/Developer/Library/Frameworks",
					"$(inherited)",
				);
				GCC_PREPROCESSOR_DEFINITIONS = (
					"DEBUG=1",
					"$(inherited)",
				);
				INFOPLIST_FILE = etpushtestTests/Info.plist;
				LD_RUNPATH_SEARCH_PATHS = "$(inherited) @executable_path/Frameworks @loader_path/Frameworks";
				PRODUCT_NAME = "$(TARGET_NAME)";
				TEST_HOST = "$(BUILT_PRODUCTS_DIR)/etpushtest.app/etpushtest";
			};
			name = Debug;
		};
		28A2DD4C1B85B38A00230D7A /* Release */ = {
			isa = XCBuildConfiguration;
			buildSettings = {
				BUNDLE_LOADER = "$(TEST_HOST)";
				FRAMEWORK_SEARCH_PATHS = (
					"$(SDKROOT)/Developer/Library/Frameworks",
					"$(inherited)",
				);
				INFOPLIST_FILE = etpushtestTests/Info.plist;
				LD_RUNPATH_SEARCH_PATHS = "$(inherited) @executable_path/Frameworks @loader_path/Frameworks";
				PRODUCT_NAME = "$(TARGET_NAME)";
				TEST_HOST = "$(BUILT_PRODUCTS_DIR)/etpushtest.app/etpushtest";
			};
			name = Release;
		};
/* End XCBuildConfiguration section */

/* Begin XCConfigurationList section */
		28A2DD231B85B38A00230D7A /* Build configuration list for PBXProject "etpushtest" */ = {
			isa = XCConfigurationList;
			buildConfigurations = (
				28A2DD451B85B38A00230D7A /* Debug */,
				28A2DD461B85B38A00230D7A /* Release */,
			);
			defaultConfigurationIsVisible = 0;
			defaultConfigurationName = Release;
		};
		28A2DD471B85B38A00230D7A /* Build configuration list for PBXNativeTarget "etpushtest" */ = {
			isa = XCConfigurationList;
			buildConfigurations = (
				28A2DD481B85B38A00230D7A /* Debug */,
				28A2DD491B85B38A00230D7A /* Release */,
			);
			defaultConfigurationIsVisible = 0;
			defaultConfigurationName = Release;
		};
		28A2DD4A1B85B38A00230D7A /* Build configuration list for PBXNativeTarget "etpushtestTests" */ = {
			isa = XCConfigurationList;
			buildConfigurations = (
				28A2DD4B1B85B38A00230D7A /* Debug */,
				28A2DD4C1B85B38A00230D7A /* Release */,
			);
			defaultConfigurationIsVisible = 0;
			defaultConfigurationName = Release;
		};
/* End XCConfigurationList section */
	};
	rootObject = 28A2DD201B85B38900230D7A /* Project object */;
}
